
Microsoft Visual Studio Solution File, Format Version 12.00
# Visual Studio Version 16
VisualStudioVersion = 16.0.30320.27
MinimumVisualStudioVersion = 10.0.40219.1
Project("{FAE04EC0-301F-11D3-BF4B-00C04F79EFBC}") = "entrega 01-grupo 2", "entrega 01-grupo 2\entrega 01-grupo 2.csproj", "{B1313FDC-45B6-4CA2-A678-228B87F27A53}"
EndProject
Global
	GlobalSection(SolutionConfigurationPlatforms) = preSolution
		Debug|Any CPU = Debug|Any CPU
		Release|Any CPU = Release|Any CPU
	EndGlobalSection
	GlobalSection(ProjectConfigurationPlatforms) = postSolution
		{B1313FDC-45B6-4CA2-A678-228B87F27A53}.Debug|Any CPU.ActiveCfg = Debug|Any CPU
		{B1313FDC-45B6-4CA2-A678-228B87F27A53}.Debug|Any CPU.Build.0 = Debug|Any CPU
		{B1313FDC-45B6-4CA2-A678-228B87F27A53}.Release|Any CPU.ActiveCfg = Release|Any CPU
		{B1313FDC-45B6-4CA2-A678-228B87F27A53}.Release|Any CPU.Build.0 = Release|Any CPU
	EndGlobalSection
	GlobalSection(SolutionProperties) = preSolution
		HideSolutionNode = FALSE
	EndGlobalSection
	GlobalSection(ExtensibilityGlobals) = postSolution
		SolutionGuid = {92A6A627-0BCE-46D0-BCD0-A693FF55A125}
	EndGlobalSection
EndGlobal
